
Microsoft Visual Studio Solution File, Format Version 12.00
# Visual Studio Version 16
VisualStudioVersion = 16.0.32106.194
MinimumVisualStudioVersion = 10.0.40219.1
Project("{9A19103F-16F7-4668-BE54-9A1E7A4F7556}") = "ExadelTimeTrackingSystem.Data", "ExadelTimeTrackingSystem.Data\ExadelTimeTrackingSystem.Data.csproj", "{657EA735-BBE5-44D0-9A60-89F2A4AE3241}"
EndProject
Project("{9A19103F-16F7-4668-BE54-9A1E7A4F7556}") = "ExadelTimeTrackingSystem.BusinessLogic", "ExadelTimeTrackingSystem.BusinessLogic\ExadelTimeTrackingSystem.BusinessLogic.csproj", "{FDEDE6A0-3FC6-4CDE-9A66-8264596DDD96}"
EndProject
Project("{9A19103F-16F7-4668-BE54-9A1E7A4F7556}") = "ExadelTimeTrackingSystem.WebAPI", "ExadelTimeTrackingSystem.WebAPI\ExadelTimeTrackingSystem.WebAPI.csproj", "{C625F31F-D177-4C62-AC1A-9A48F036661B}"
EndProject
Project("{2150E333-8FDC-42A3-9474-1A3956D46DE8}") = "Solution Items", "Solution Items", "{0D7CAB6F-D0A6-4B51-81AA-E464D8219A4B}"
	ProjectSection(SolutionItems) = preProject
		.editorconfig = .editorconfig
	EndProjectSection
EndProject
Global
	GlobalSection(SolutionConfigurationPlatforms) = preSolution
		Debug|Any CPU = Debug|Any CPU
		Release|Any CPU = Release|Any CPU
	EndGlobalSection
	GlobalSection(ProjectConfigurationPlatforms) = postSolution
		{657EA735-BBE5-44D0-9A60-89F2A4AE3241}.Debug|Any CPU.ActiveCfg = Debug|Any CPU
		{657EA735-BBE5-44D0-9A60-89F2A4AE3241}.Debug|Any CPU.Build.0 = Debug|Any CPU
		{657EA735-BBE5-44D0-9A60-89F2A4AE3241}.Release|Any CPU.ActiveCfg = Release|Any CPU
		{657EA735-BBE5-44D0-9A60-89F2A4AE3241}.Release|Any CPU.Build.0 = Release|Any CPU
		{FDEDE6A0-3FC6-4CDE-9A66-8264596DDD96}.Debug|Any CPU.ActiveCfg = Debug|Any CPU
		{FDEDE6A0-3FC6-4CDE-9A66-8264596DDD96}.Debug|Any CPU.Build.0 = Debug|Any CPU
		{FDEDE6A0-3FC6-4CDE-9A66-8264596DDD96}.Release|Any CPU.ActiveCfg = Release|Any CPU
		{FDEDE6A0-3FC6-4CDE-9A66-8264596DDD96}.Release|Any CPU.Build.0 = Release|Any CPU
		{C625F31F-D177-4C62-AC1A-9A48F036661B}.Debug|Any CPU.ActiveCfg = Debug|Any CPU
		{C625F31F-D177-4C62-AC1A-9A48F036661B}.Debug|Any CPU.Build.0 = Debug|Any CPU
		{C625F31F-D177-4C62-AC1A-9A48F036661B}.Release|Any CPU.ActiveCfg = Release|Any CPU
		{C625F31F-D177-4C62-AC1A-9A48F036661B}.Release|Any CPU.Build.0 = Release|Any CPU
	EndGlobalSection
	GlobalSection(SolutionProperties) = preSolution
		HideSolutionNode = FALSE
	EndGlobalSection
	GlobalSection(ExtensibilityGlobals) = postSolution
		SolutionGuid = {7687A4BF-2862-4882-AC36-B93FDF85D253}
	EndGlobalSection
EndGlobal
